
Microsoft Visual Studio Solution File, Format Version 12.00
# Visual Studio Version 16
VisualStudioVersion = 16.0.30804.86
MinimumVisualStudioVersion = 10.0.40219.1
Project("{9A19103F-16F7-4668-BE54-9A1E7A4F7556}") = "Restaurante.Clientes.Domain", "Restaurante.Domain\Restaurante.Clientes.Domain.csproj", "{62360C6E-3704-4F8D-9B91-9BD153014847}"
EndProject
Project("{9A19103F-16F7-4668-BE54-9A1E7A4F7556}") = "Restaurante.Clientes.Test", "Restaurante.Test\Restaurante.Clientes.Test.csproj", "{E05D1F75-6365-48AF-B80E-7A9930DFCFA3}"
EndProject
Project("{9A19103F-16F7-4668-BE54-9A1E7A4F7556}") = "Restaurante.Clientes.Application", "Restaurante.Application\Restaurante.Clientes.Application.csproj", "{54A6858F-B5D1-4772-BD5C-BF5E5E1AFA57}"
EndProject
Project("{9A19103F-16F7-4668-BE54-9A1E7A4F7556}") = "Restaurante.Clientes.Infra", "Restaurante.Infra\Restaurante.Clientes.Infra.csproj", "{A8C32B58-5955-4114-A289-C15262A2D151}"
EndProject
Project("{FAE04EC0-301F-11D3-BF4B-00C04F79EFBC}") = "Restaurante.Clientes.WebSite", "Restaurante.Clientes.WebSite\Restaurante.Clientes.WebSite.csproj", "{FDB141AC-B27B-4E33-90C5-3C6BCFBA7769}"
EndProject
Global
	GlobalSection(SolutionConfigurationPlatforms) = preSolution
		Debug|Any CPU = Debug|Any CPU
		Release|Any CPU = Release|Any CPU
	EndGlobalSection
	GlobalSection(ProjectConfigurationPlatforms) = postSolution
		{62360C6E-3704-4F8D-9B91-9BD153014847}.Debug|Any CPU.ActiveCfg = Debug|Any CPU
		{62360C6E-3704-4F8D-9B91-9BD153014847}.Debug|Any CPU.Build.0 = Debug|Any CPU
		{62360C6E-3704-4F8D-9B91-9BD153014847}.Release|Any CPU.ActiveCfg = Release|Any CPU
		{62360C6E-3704-4F8D-9B91-9BD153014847}.Release|Any CPU.Build.0 = Release|Any CPU
		{E05D1F75-6365-48AF-B80E-7A9930DFCFA3}.Debug|Any CPU.ActiveCfg = Debug|Any CPU
		{E05D1F75-6365-48AF-B80E-7A9930DFCFA3}.Debug|Any CPU.Build.0 = Debug|Any CPU
		{E05D1F75-6365-48AF-B80E-7A9930DFCFA3}.Release|Any CPU.ActiveCfg = Release|Any CPU
		{E05D1F75-6365-48AF-B80E-7A9930DFCFA3}.Release|Any CPU.Build.0 = Release|Any CPU
		{54A6858F-B5D1-4772-BD5C-BF5E5E1AFA57}.Debug|Any CPU.ActiveCfg = Debug|Any CPU
		{54A6858F-B5D1-4772-BD5C-BF5E5E1AFA57}.Debug|Any CPU.Build.0 = Debug|Any CPU
		{54A6858F-B5D1-4772-BD5C-BF5E5E1AFA57}.Release|Any CPU.ActiveCfg = Release|Any CPU
		{54A6858F-B5D1-4772-BD5C-BF5E5E1AFA57}.Release|Any CPU.Build.0 = Release|Any CPU
		{A8C32B58-5955-4114-A289-C15262A2D151}.Debug|Any CPU.ActiveCfg = Debug|Any CPU
		{A8C32B58-5955-4114-A289-C15262A2D151}.Debug|Any CPU.Build.0 = Debug|Any CPU
		{A8C32B58-5955-4114-A289-C15262A2D151}.Release|Any CPU.ActiveCfg = Release|Any CPU
		{A8C32B58-5955-4114-A289-C15262A2D151}.Release|Any CPU.Build.0 = Release|Any CPU
		{FDB141AC-B27B-4E33-90C5-3C6BCFBA7769}.Debug|Any CPU.ActiveCfg = Debug|Any CPU
		{FDB141AC-B27B-4E33-90C5-3C6BCFBA7769}.Debug|Any CPU.Build.0 = Debug|Any CPU
		{FDB141AC-B27B-4E33-90C5-3C6BCFBA7769}.Release|Any CPU.ActiveCfg = Release|Any CPU
		{FDB141AC-B27B-4E33-90C5-3C6BCFBA7769}.Release|Any CPU.Build.0 = Release|Any CPU
	EndGlobalSection
	GlobalSection(SolutionProperties) = preSolution
		HideSolutionNode = FALSE
	EndGlobalSection
	GlobalSection(ExtensibilityGlobals) = postSolution
		SolutionGuid = {8ECF589E-13C2-4985-8222-5C9FA725A770}
	EndGlobalSection
EndGlobal
